# This file was autogenerated by Stack.
# You should not edit this file by hand.
# For more information, please see the documentation at:
#   https://docs.haskellstack.org/en/stable/lock_files

packages:
- completed:
    hackage: conversion-1.2.1@sha256:8db4210950736e54be5cd7f7076c19e05d06fb48673eb23638093246a1e7199e,2155
    pantry-tree:
      size: 267
      sha256: f199f459ee8ab2ce5f41cb8199ca60a7ad4f7897a5c474e10126dff6035ca4e9
  original:
    hackage: conversion-1.2.1@sha256:8db4210950736e54be5cd7f7076c19e05d06fb48673eb23638093246a1e7199e,2155
- completed:
    hackage: gloss-juicy-0.2.3@sha256:0c3bca95237cbf91f8b3b1936a0661f1e0457acd80502276d54d6c5210f88b25,1618
    pantry-tree:
      size: 273
      sha256: 914c08509bc3da4707d90e542b44833ca1a62abc83c2848f87df3d7a7a1d7e03
  original:
    hackage: gloss-juicy-0.2.3@sha256:0c3bca95237cbf91f8b3b1936a0661f1e0457acd80502276d54d6c5210f88b25,1618
snapshots:
- completed:
    size: 565715
    url: https://raw.githubusercontent.com/commercialhaskell/stackage-snapshots/master/lts/17/7.yaml
    sha256: 1b5e4124989399e60e7a7901f0cefd910beea546131fb07a13a7208c4cc8b7ee
  original: lts-17.7
